# This file is automatically @generated by Cargo.
# It is not intended for manual editing.
version = 3

[[package]]
name = "cfg-if"
version = "0.1.10"
source = "registry+https://github.com/rust-lang/crates.io-index"
checksum = "4785bdd1c96b2a846b2bd7cc02e86b6b3dbf14e7e53446c4f54c92a361040822"

[[package]]
name = "generational-arena"
version = "0.2.8"
source = "registry+https://github.com/rust-lang/crates.io-index"
checksum = "8e1d3b771574f62d0548cee0ad9057857e9fc25d7a3335f140c84f6acd0bf601"
dependencies = [
 "cfg-if",
]

[[package]]
name = "pliron"
version = "0.1.0"
dependencies = [
 "generational-arena",
]
